
Microsoft Visual Studio Solution File, Format Version 12.00
# Visual Studio Version 17
VisualStudioVersion = 17.2.32519.379
MinimumVisualStudioVersion = 10.0.40219.1
Project("{9A19103F-16F7-4668-BE54-9A1E7A4F7556}") = "MetaFrm.Security.Aes(net6.0)", "MetaFrm.Security.Aes(net6.0)\MetaFrm.Security.Aes(net6.0).csproj", "{AEA750FC-913D-4C7E-AC23-B0C66A4FD299}"
EndProject
Project("{2150E333-8FDC-42A3-9474-1A3956D46DE8}") = "src", "src", "{B3652906-D2C3-4F3D-A58D-A15F096C6A53}"
	ProjectSection(SolutionItems) = preProject
		src\Aes.cs = src\Aes.cs
	EndProjectSection
EndProject
Project("{2150E333-8FDC-42A3-9474-1A3956D46DE8}") = ".github", ".github", "{308732C4-8B36-4B16-BF78-50DEE3B5AA1E}"
EndProject
Project("{2150E333-8FDC-42A3-9474-1A3956D46DE8}") = "workflows", "workflows", "{25D659AA-3856-4EDF-83CB-B5EFA3BE8A8B}"
	ProjectSection(SolutionItems) = preProject
		.github\workflows\build.yml = .github\workflows\build.yml
		.github\workflows\nuget.yml = .github\workflows\nuget.yml
	EndProjectSection
EndProject
Project("{2150E333-8FDC-42A3-9474-1A3956D46DE8}") = "솔루션 항목", "솔루션 항목", "{AA88632B-0603-4385-BB98-9A2026AFEDD1}"
	ProjectSection(SolutionItems) = preProject
		.gitignore = .gitignore
		license = license
		README.md = README.md
	EndProjectSection
EndProject
Global
	GlobalSection(SolutionConfigurationPlatforms) = preSolution
		Debug|Any CPU = Debug|Any CPU
		Release|Any CPU = Release|Any CPU
	EndGlobalSection
	GlobalSection(ProjectConfigurationPlatforms) = postSolution
		{AEA750FC-913D-4C7E-AC23-B0C66A4FD299}.Debug|Any CPU.ActiveCfg = Debug|Any CPU
		{AEA750FC-913D-4C7E-AC23-B0C66A4FD299}.Debug|Any CPU.Build.0 = Debug|Any CPU
		{AEA750FC-913D-4C7E-AC23-B0C66A4FD299}.Release|Any CPU.ActiveCfg = Release|Any CPU
		{AEA750FC-913D-4C7E-AC23-B0C66A4FD299}.Release|Any CPU.Build.0 = Release|Any CPU
	EndGlobalSection
	GlobalSection(SolutionProperties) = preSolution
		HideSolutionNode = FALSE
	EndGlobalSection
	GlobalSection(NestedProjects) = preSolution
		{25D659AA-3856-4EDF-83CB-B5EFA3BE8A8B} = {308732C4-8B36-4B16-BF78-50DEE3B5AA1E}
	EndGlobalSection
	GlobalSection(ExtensibilityGlobals) = postSolution
		SolutionGuid = {785D087F-4E76-4B4D-B157-D2265CBA5675}
	EndGlobalSection
EndGlobal
